// !$*UTF8*$!
{
	archiveVersion = 1;
	classes = {
	};
	objectVersion = 52;
	objects = {

/* Begin PBXBuildFile section */
		4BE6227023F99486008C1ED1 /* AppDelegate.swift in Sources */ = {isa = PBXBuildFile; fileRef = 4BE6226F23F99486008C1ED1 /* AppDelegate.swift */; };
		4BE6227223F99486008C1ED1 /* SceneDelegate.swift in Sources */ = {isa = PBXBuildFile; fileRef = 4BE6227123F99486008C1ED1 /* SceneDelegate.swift */; };
		4BE6227423F99486008C1ED1 /* ViewController.swift in Sources */ = {isa = PBXBuildFile; fileRef = 4BE6227323F99486008C1ED1 /* ViewController.swift */; };
		4BE6227723F99486008C1ED1 /* Main.storyboard in Resources */ = {isa = PBXBuildFile; fileRef = 4BE6227523F99486008C1ED1 /* Main.storyboard */; };
		4BE6227923F9948A008C1ED1 /* Assets.xcassets in Resources */ = {isa = PBXBuildFile; fileRef = 4BE6227823F9948A008C1ED1 /* Assets.xcassets */; };
		4BE6227C23F9948A008C1ED1 /* LaunchScreen.storyboard in Resources */ = {isa = PBXBuildFile; fileRef = 4BE6227A23F9948A008C1ED1 /* LaunchScreen.storyboard */; };
		4BE6228523F996FD008C1ED1 /* RxSwift in Frameworks */ = {isa = PBXBuildFile; productRef = 4BE6228423F996FD008C1ED1 /* RxSwift */; };
		4BE6228723F996FD008C1ED1 /* RxCocoa in Frameworks */ = {isa = PBXBuildFile; productRef = 4BE6228623F996FD008C1ED1 /* RxCocoa */; };
		4BE6228A23F9971B008C1ED1 /* Alamofire in Frameworks */ = {isa = PBXBuildFile; productRef = 4BE6228923F9971B008C1ED1 /* Alamofire */; };
		4BE6228C23F99AD9008C1ED1 /* Api.swift in Sources */ = {isa = PBXBuildFile; fileRef = 4BE6228B23F99AD9008C1ED1 /* Api.swift */; };
		4BE6228E23F99D6B008C1ED1 /* NewsClient.swift in Sources */ = {isa = PBXBuildFile; fileRef = 4BE6228D23F99D6B008C1ED1 /* NewsClient.swift */; };
		4BE6229023F9CF13008C1ED1 /* NewsTableViewCell.swift in Sources */ = {isa = PBXBuildFile; fileRef = 4BE6228F23F9CF13008C1ED1 /* NewsTableViewCell.swift */; };
		4BE6229223F9D05E008C1ED1 /* UIImageView+extension.swift in Sources */ = {isa = PBXBuildFile; fileRef = 4BE6229123F9D05E008C1ED1 /* UIImageView+extension.swift */; };
		4BE6229423F9D081008C1ED1 /* ImagesManager.swift in Sources */ = {isa = PBXBuildFile; fileRef = 4BE6229323F9D081008C1ED1 /* ImagesManager.swift */; };
		4BE6229623F9E3DF008C1ED1 /* NewsManager.swift in Sources */ = {isa = PBXBuildFile; fileRef = 4BE6229523F9E3DF008C1ED1 /* NewsManager.swift */; };
		4BE6229823F9E40B008C1ED1 /* LoadState.swift in Sources */ = {isa = PBXBuildFile; fileRef = 4BE6229723F9E40B008C1ED1 /* LoadState.swift */; };
/* End PBXBuildFile section */

/* Begin PBXFileReference section */
		4BE6226C23F99486008C1ED1 /* News.app */ = {isa = PBXFileReference; explicitFileType = wrapper.application; includeInIndex = 0; path = News.app; sourceTree = BUILT_PRODUCTS_DIR; };
		4BE6226F23F99486008C1ED1 /* AppDelegate.swift */ = {isa = PBXFileReference; lastKnownFileType = sourcecode.swift; path = AppDelegate.swift; sourceTree = "<group>"; };
		4BE6227123F99486008C1ED1 /* SceneDelegate.swift */ = {isa = PBXFileReference; lastKnownFileType = sourcecode.swift; path = SceneDelegate.swift; sourceTree = "<group>"; };
		4BE6227323F99486008C1ED1 /* ViewController.swift */ = {isa = PBXFileReference; lastKnownFileType = sourcecode.swift; path = ViewController.swift; sourceTree = "<group>"; };
		4BE6227623F99486008C1ED1 /* Base */ = {isa = PBXFileReference; lastKnownFileType = file.storyboard; name = Base; path = Base.lproj/Main.storyboard; sourceTree = "<group>"; };
		4BE6227823F9948A008C1ED1 /* Assets.xcassets */ = {isa = PBXFileReference; lastKnownFileType = folder.assetcatalog; path = Assets.xcassets; sourceTree = "<group>"; };
		4BE6227B23F9948A008C1ED1 /* Base */ = {isa = PBXFileReference; lastKnownFileType = file.storyboard; name = Base; path = Base.lproj/LaunchScreen.storyboard; sourceTree = "<group>"; };
		4BE6227D23F9948A008C1ED1 /* Info.plist */ = {isa = PBXFileReference; lastKnownFileType = text.plist.xml; path = Info.plist; sourceTree = "<group>"; };
		4BE6228B23F99AD9008C1ED1 /* Api.swift */ = {isa = PBXFileReference; lastKnownFileType = sourcecode.swift; path = Api.swift; sourceTree = "<group>"; };
		4BE6228D23F99D6B008C1ED1 /* NewsClient.swift */ = {isa = PBXFileReference; lastKnownFileType = sourcecode.swift; path = NewsClient.swift; sourceTree = "<group>"; };
		4BE6228F23F9CF13008C1ED1 /* NewsTableViewCell.swift */ = {isa = PBXFileReference; lastKnownFileType = sourcecode.swift; path = NewsTableViewCell.swift; sourceTree = "<group>"; };
		4BE6229123F9D05E008C1ED1 /* UIImageView+extension.swift */ = {isa = PBXFileReference; lastKnownFileType = sourcecode.swift; path = "UIImageView+extension.swift"; sourceTree = "<group>"; };
		4BE6229323F9D081008C1ED1 /* ImagesManager.swift */ = {isa = PBXFileReference; lastKnownFileType = sourcecode.swift; path = ImagesManager.swift; sourceTree = "<group>"; };
		4BE6229523F9E3DF008C1ED1 /* NewsManager.swift */ = {isa = PBXFileReference; lastKnownFileType = sourcecode.swift; path = NewsManager.swift; sourceTree = "<group>"; };
		4BE6229723F9E40B008C1ED1 /* LoadState.swift */ = {isa = PBXFileReference; lastKnownFileType = sourcecode.swift; path = LoadState.swift; sourceTree = "<group>"; };
/* End PBXFileReference section */

/* Begin PBXFrameworksBuildPhase section */
		4BE6226923F99486008C1ED1 /* Frameworks */ = {
			isa = PBXFrameworksBuildPhase;
			buildActionMask = 2147483647;
			files = (
				4BE6228A23F9971B008C1ED1 /* Alamofire in Frameworks */,
				4BE6228723F996FD008C1ED1 /* RxCocoa in Frameworks */,
				4BE6228523F996FD008C1ED1 /* RxSwift in Frameworks */,
			);
			runOnlyForDeploymentPostprocessing = 0;
		};
/* End PBXFrameworksBuildPhase section */

/* Begin PBXGroup section */
		4BE6226323F99486008C1ED1 = {
			isa = PBXGroup;
			children = (
				4BE6226E23F99486008C1ED1 /* News */,
				4BE6226D23F99486008C1ED1 /* Products */,
			);
			sourceTree = "<group>";
		};
		4BE6226D23F99486008C1ED1 /* Products */ = {
			isa = PBXGroup;
			children = (
				4BE6226C23F99486008C1ED1 /* News.app */,
			);
			name = Products;
			sourceTree = "<group>";
		};
		4BE6226E23F99486008C1ED1 /* News */ = {
			isa = PBXGroup;
			children = (
				4BE6226F23F99486008C1ED1 /* AppDelegate.swift */,
				4BE6227123F99486008C1ED1 /* SceneDelegate.swift */,
				4BE6227323F99486008C1ED1 /* ViewController.swift */,
				4BE6228F23F9CF13008C1ED1 /* NewsTableViewCell.swift */,
				4BE6229123F9D05E008C1ED1 /* UIImageView+extension.swift */,
				4BE6229323F9D081008C1ED1 /* ImagesManager.swift */,
				4BE6228B23F99AD9008C1ED1 /* Api.swift */,
				4BE6228D23F99D6B008C1ED1 /* NewsClient.swift */,
				4BE6229523F9E3DF008C1ED1 /* NewsManager.swift */,
				4BE6229723F9E40B008C1ED1 /* LoadState.swift */,
				4BE6227523F99486008C1ED1 /* Main.storyboard */,
				4BE6227823F9948A008C1ED1 /* Assets.xcassets */,
				4BE6227A23F9948A008C1ED1 /* LaunchScreen.storyboard */,
				4BE6227D23F9948A008C1ED1 /* Info.plist */,
			);
			path = News;
			sourceTree = "<group>";
		};
/* End PBXGroup section */

/* Begin PBXNativeTarget section */
		4BE6226B23F99486008C1ED1 /* News */ = {
			isa = PBXNativeTarget;
			buildConfigurationList = 4BE6228023F9948A008C1ED1 /* Build configuration list for PBXNativeTarget "News" */;
			buildPhases = (
				4BE6226823F99486008C1ED1 /* Sources */,
				4BE6226923F99486008C1ED1 /* Frameworks */,
				4BE6226A23F99486008C1ED1 /* Resources */,
			);
			buildRules = (
			);
			dependencies = (
			);
			name = News;
			packageProductDependencies = (
				4BE6228423F996FD008C1ED1 /* RxSwift */,
				4BE6228623F996FD008C1ED1 /* RxCocoa */,
				4BE6228923F9971B008C1ED1 /* Alamofire */,
			);
			productName = News;
			productReference = 4BE6226C23F99486008C1ED1 /* News.app */;
			productType = "com.apple.product-type.application";
		};
/* End PBXNativeTarget section */

/* Begin PBXProject section */
		4BE6226423F99486008C1ED1 /* Project object */ = {
			isa = PBXProject;
			attributes = {
				LastSwiftUpdateCheck = 1130;
				LastUpgradeCheck = 1130;
				ORGANIZATIONNAME = Yuchen;
				TargetAttributes = {
					4BE6226B23F99486008C1ED1 = {
						CreatedOnToolsVersion = 11.3.1;
					};
				};
			};
			buildConfigurationList = 4BE6226723F99486008C1ED1 /* Build configuration list for PBXProject "News" */;
			compatibilityVersion = "Xcode 9.3";
			developmentRegion = en;
			hasScannedForEncodings = 0;
			knownRegions = (
				en,
				Base,
			);
			mainGroup = 4BE6226323F99486008C1ED1;
			packageReferences = (
				4BE6228323F996FD008C1ED1 /* XCRemoteSwiftPackageReference "RxSwift" */,
				4BE6228823F9971B008C1ED1 /* XCRemoteSwiftPackageReference "Alamofire" */,
			);
			productRefGroup = 4BE6226D23F99486008C1ED1 /* Products */;
			projectDirPath = "";
			projectRoot = "";
			targets = (
				4BE6226B23F99486008C1ED1 /* News */,
			);
		};
/* End PBXProject section */

/* Begin PBXResourcesBuildPhase section */
		4BE6226A23F99486008C1ED1 /* Resources */ = {
			isa = PBXResourcesBuildPhase;
			buildActionMask = 2147483647;
			files = (
				4BE6227C23F9948A008C1ED1 /* LaunchScreen.storyboard in Resources */,
				4BE6227923F9948A008C1ED1 /* Assets.xcassets in Resources */,
				4BE6227723F99486008C1ED1 /* Main.storyboard in Resources */,
			);
			runOnlyForDeploymentPostprocessing = 0;
		};
/* End PBXResourcesBuildPhase section */

/* Begin PBXSourcesBuildPhase section */
		4BE6226823F99486008C1ED1 /* Sources */ = {
			isa = PBXSourcesBuildPhase;
			buildActionMask = 2147483647;
			files = (
				4BE6227423F99486008C1ED1 /* ViewController.swift in Sources */,
				4BE6229823F9E40B008C1ED1 /* LoadState.swift in Sources */,
				4BE6229623F9E3DF008C1ED1 /* NewsManager.swift in Sources */,
				4BE6227023F99486008C1ED1 /* AppDelegate.swift in Sources */,
				4BE6229023F9CF13008C1ED1 /* NewsTableViewCell.swift in Sources */,
				4BE6228E23F99D6B008C1ED1 /* NewsClient.swift in Sources */,
				4BE6228C23F99AD9008C1ED1 /* Api.swift in Sources */,
				4BE6229223F9D05E008C1ED1 /* UIImageView+extension.swift in Sources */,
				4BE6227223F99486008C1ED1 /* SceneDelegate.swift in Sources */,
				4BE6229423F9D081008C1ED1 /* ImagesManager.swift in Sources */,
			);
			runOnlyForDeploymentPostprocessing = 0;
		};
/* End PBXSourcesBuildPhase section */

/* Begin PBXVariantGroup section */
		4BE6227523F99486008C1ED1 /* Main.storyboard */ = {
			isa = PBXVariantGroup;
			children = (
				4BE6227623F99486008C1ED1 /* Base */,
			);
			name = Main.storyboard;
			sourceTree = "<group>";
		};
		4BE6227A23F9948A008C1ED1 /* LaunchScreen.storyboard */ = {
			isa = PBXVariantGroup;
			children = (
				4BE6227B23F9948A008C1ED1 /* Base */,
			);
			name = LaunchScreen.storyboard;
			sourceTree = "<group>";
		};
/* End PBXVariantGroup section */

/* Begin XCBuildConfiguration section */
		4BE6227E23F9948A008C1ED1 /* Debug */ = {
			isa = XCBuildConfiguration;
			buildSettings = {
				ALWAYS_SEARCH_USER_PATHS = NO;
				CLANG_ANALYZER_NONNULL = YES;
				CLANG_ANALYZER_NUMBER_OBJECT_CONVERSION = YES_AGGRESSIVE;
				CLANG_CXX_LANGUAGE_STANDARD = "gnu++14";
				CLANG_CXX_LIBRARY = "libc++";
				CLANG_ENABLE_MODULES = YES;
				CLANG_ENABLE_OBJC_ARC = YES;
				CLANG_ENABLE_OBJC_WEAK = YES;
				CLANG_WARN_BLOCK_CAPTURE_AUTORELEASING = YES;
				CLANG_WARN_BOOL_CONVERSION = YES;
				CLANG_WARN_COMMA = YES;
				CLANG_WARN_CONSTANT_CONVERSION = YES;
				CLANG_WARN_DEPRECATED_OBJC_IMPLEMENTATIONS = YES;
				CLANG_WARN_DIRECT_OBJC_ISA_USAGE = YES_ERROR;
				CLANG_WARN_DOCUMENTATION_COMMENTS = YES;
				CLANG_WARN_EMPTY_BODY = YES;
				CLANG_WARN_ENUM_CONVERSION = YES;
				CLANG_WARN_INFINITE_RECURSION = YES;
				CLANG_WARN_INT_CONVERSION = YES;
				CLANG_WARN_NON_LITERAL_NULL_CONVERSION = YES;
				CLANG_WARN_OBJC_IMPLICIT_RETAIN_SELF = YES;
				CLANG_WARN_OBJC_LITERAL_CONVERSION = YES;
				CLANG_WARN_OBJC_ROOT_CLASS = YES_ERROR;
				CLANG_WARN_RANGE_LOOP_ANALYSIS = YES;
				CLANG_WARN_STRICT_PROTOTYPES = YES;
				CLANG_WARN_SUSPICIOUS_MOVE = YES;
				CLANG_WARN_UNGUARDED_AVAILABILITY = YES_AGGRESSIVE;
				CLANG_WARN_UNREACHABLE_CODE = YES;
				CLANG_WARN__DUPLICATE_METHOD_MATCH = YES;
				COPY_PHASE_STRIP = NO;
				DEBUG_INFORMATION_FORMAT = dwarf;
				ENABLE_STRICT_OBJC_MSGSEND = YES;
				ENABLE_TESTABILITY = YES;
				GCC_C_LANGUAGE_STANDARD = gnu11;
				GCC_DYNAMIC_NO_PIC = NO;
				GCC_NO_COMMON_BLOCKS = YES;
				GCC_OPTIMIZATION_LEVEL = 0;
				GCC_PREPROCESSOR_DEFINITIONS = (
					"DEBUG=1",
					"$(inherited)",
				);
				GCC_WARN_64_TO_32_BIT_CONVERSION = YES;
				GCC_WARN_ABOUT_RETURN_TYPE = YES_ERROR;
				GCC_WARN_UNDECLARED_SELECTOR = YES;
				GCC_WARN_UNINITIALIZED_AUTOS = YES_AGGRESSIVE;
				GCC_WARN_UNUSED_FUNCTION = YES;
				GCC_WARN_UNUSED_VARIABLE = YES;
				IPHONEOS_DEPLOYMENT_TARGET = 13.2;
				MTL_ENABLE_DEBUG_INFO = INCLUDE_SOURCE;
				MTL_FAST_MATH = YES;
				ONLY_ACTIVE_ARCH = YES;
				SDKROOT = iphoneos;
				SWIFT_ACTIVE_COMPILATION_CONDITIONS = DEBUG;
				SWIFT_OPTIMIZATION_LEVEL = "-Onone";
			};
			name = Debug;
		};
		4BE6227F23F9948A008C1ED1 /* Release */ = {
			isa = XCBuildConfiguration;
			buildSettings = {
				ALWAYS_SEARCH_USER_PATHS = NO;
				CLANG_ANALYZER_NONNULL = YES;
				CLANG_ANALYZER_NUMBER_OBJECT_CONVERSION = YES_AGGRESSIVE;
				CLANG_CXX_LANGUAGE_STANDARD = "gnu++14";
				CLANG_CXX_LIBRARY = "libc++";
				CLANG_ENABLE_MODULES = YES;
				CLANG_ENABLE_OBJC_ARC = YES;
				CLANG_ENABLE_OBJC_WEAK = YES;
				CLANG_WARN_BLOCK_CAPTURE_AUTORELEASING = YES;
				CLANG_WARN_BOOL_CONVERSION = YES;
				CLANG_WARN_COMMA = YES;
				CLANG_WARN_CONSTANT_CONVERSION = YES;
				CLANG_WARN_DEPRECATED_OBJC_IMPLEMENTATIONS = YES;
				CLANG_WARN_DIRECT_OBJC_ISA_USAGE = YES_ERROR;
				CLANG_WARN_DOCUMENTATION_COMMENTS = YES;
				CLANG_WARN_EMPTY_BODY = YES;
				CLANG_WARN_ENUM_CONVERSION = YES;
				CLANG_WARN_INFINITE_RECURSION = YES;
				CLANG_WARN_INT_CONVERSION = YES;
				CLANG_WARN_NON_LITERAL_NULL_CONVERSION = YES;
				CLANG_WARN_OBJC_IMPLICIT_RETAIN_SELF = YES;
				CLANG_WARN_OBJC_LITERAL_CONVERSION = YES;
				CLANG_WARN_OBJC_ROOT_CLASS = YES_ERROR;
				CLANG_WARN_RANGE_LOOP_ANALYSIS = YES;
				CLANG_WARN_STRICT_PROTOTYPES = YES;
				CLANG_WARN_SUSPICIOUS_MOVE = YES;
				CLANG_WARN_UNGUARDED_AVAILABILITY = YES_AGGRESSIVE;
				CLANG_WARN_UNREACHABLE_CODE = YES;
				CLANG_WARN__DUPLICATE_METHOD_MATCH = YES;
				COPY_PHASE_STRIP = NO;
				DEBUG_INFORMATION_FORMAT = "dwarf-with-dsym";
				ENABLE_NS_ASSERTIONS = NO;
				ENABLE_STRICT_OBJC_MSGSEND = YES;
				GCC_C_LANGUAGE_STANDARD = gnu11;
				GCC_NO_COMMON_BLOCKS = YES;
				GCC_WARN_64_TO_32_BIT_CONVERSION = YES;
				GCC_WARN_ABOUT_RETURN_TYPE = YES_ERROR;
				GCC_WARN_UNDECLARED_SELECTOR = YES;
				GCC_WARN_UNINITIALIZED_AUTOS = YES_AGGRESSIVE;
				GCC_WARN_UNUSED_FUNCTION = YES;
				GCC_WARN_UNUSED_VARIABLE = YES;
				IPHONEOS_DEPLOYMENT_TARGET = 13.2;
				MTL_ENABLE_DEBUG_INFO = NO;
				MTL_FAST_MATH = YES;
				SDKROOT = iphoneos;
				SWIFT_COMPILATION_MODE = wholemodule;
				SWIFT_OPTIMIZATION_LEVEL = "-O";
				VALIDATE_PRODUCT = YES;
			};
			name = Release;
		};
		4BE6228123F9948A008C1ED1 /* Debug */ = {
			isa = XCBuildConfiguration;
			buildSettings = {
				ASSETCATALOG_COMPILER_APPICON_NAME = AppIcon;
				CODE_SIGN_STYLE = Automatic;
				INFOPLIST_FILE = News/Info.plist;
				LD_RUNPATH_SEARCH_PATHS = (
					"$(inherited)",
					"@executable_path/Frameworks",
				);
				PRODUCT_BUNDLE_IDENTIFIER = com.yuchen.News;
				PRODUCT_NAME = "$(TARGET_NAME)";
				SWIFT_VERSION = 5.0;
				TARGETED_DEVICE_FAMILY = "1,2";
			};
			name = Debug;
		};
		4BE6228223F9948A008C1ED1 /* Release */ = {
			isa = XCBuildConfiguration;
			buildSettings = {
				ASSETCATALOG_COMPILER_APPICON_NAME = AppIcon;
				CODE_SIGN_STYLE = Automatic;
				INFOPLIST_FILE = News/Info.plist;
				LD_RUNPATH_SEARCH_PATHS = (
					"$(inherited)",
					"@executable_path/Frameworks",
				);
				PRODUCT_BUNDLE_IDENTIFIER = com.yuchen.News;
				PRODUCT_NAME = "$(TARGET_NAME)";
				SWIFT_VERSION = 5.0;
				TARGETED_DEVICE_FAMILY = "1,2";
			};
			name = Release;
		};
/* End XCBuildConfiguration section */

/* Begin XCConfigurationList section */
		4BE6226723F99486008C1ED1 /* Build configuration list for PBXProject "News" */ = {
			isa = XCConfigurationList;
			buildConfigurations = (
				4BE6227E23F9948A008C1ED1 /* Debug */,
				4BE6227F23F9948A008C1ED1 /* Release */,
			);
			defaultConfigurationIsVisible = 0;
			defaultConfigurationName = Release;
		};
		4BE6228023F9948A008C1ED1 /* Build configuration list for PBXNativeTarget "News" */ = {
			isa = XCConfigurationList;
			buildConfigurations = (
				4BE6228123F9948A008C1ED1 /* Debug */,
				4BE6228223F9948A008C1ED1 /* Release */,
			);
			defaultConfigurationIsVisible = 0;
			defaultConfigurationName = Release;
		};
/* End XCConfigurationList section */

/* Begin XCRemoteSwiftPackageReference section */
		4BE6228323F996FD008C1ED1 /* XCRemoteSwiftPackageReference "RxSwift" */ = {
			isa = XCRemoteSwiftPackageReference;
			repositoryURL = "https://github.com/ReactiveX/RxSwift.git";
			requirement = {
				kind = upToNextMajorVersion;
				minimumVersion = 5.0.1;
			};
		};
		4BE6228823F9971B008C1ED1 /* XCRemoteSwiftPackageReference "Alamofire" */ = {
			isa = XCRemoteSwiftPackageReference;
			repositoryURL = "https://github.com/Alamofire/Alamofire.git";
			requirement = {
				kind = upToNextMajorVersion;
				minimumVersion = 5.0.0;
			};
		};
/* End XCRemoteSwiftPackageReference section */

/* Begin XCSwiftPackageProductDependency section */
		4BE6228423F996FD008C1ED1 /* RxSwift */ = {
			isa = XCSwiftPackageProductDependency;
			package = 4BE6228323F996FD008C1ED1 /* XCRemoteSwiftPackageReference "RxSwift" */;
			productName = RxSwift;
		};
		4BE6228623F996FD008C1ED1 /* RxCocoa */ = {
			isa = XCSwiftPackageProductDependency;
			package = 4BE6228323F996FD008C1ED1 /* XCRemoteSwiftPackageReference "RxSwift" */;
			productName = RxCocoa;
		};
		4BE6228923F9971B008C1ED1 /* Alamofire */ = {
			isa = XCSwiftPackageProductDependency;
			package = 4BE6228823F9971B008C1ED1 /* XCRemoteSwiftPackageReference "Alamofire" */;
			productName = Alamofire;
		};
/* End XCSwiftPackageProductDependency section */
	};
	rootObject = 4BE6226423F99486008C1ED1 /* Project object */;
}
